// !$*UTF8*$!
{
	archiveVersion = 1;
	classes = {
	};
	objectVersion = 46;
	objects = {

/* Begin PBXBuildFile section */
		252103031F2832E400F18463 /* main.m in Sources */ = {isa = PBXBuildFile; fileRef = 252103021F2832E400F18463 /* main.m */; };
		252103061F2832E400F18463 /* AppDelegate.m in Sources */ = {isa = PBXBuildFile; fileRef = 252103051F2832E400F18463 /* AppDelegate.m */; };
		252103091F2832E400F18463 /* ViewController.m in Sources */ = {isa = PBXBuildFile; fileRef = 252103081F2832E400F18463 /* ViewController.m */; };
		2521030C1F2832E400F18463 /* Main.storyboard in Resources */ = {isa = PBXBuildFile; fileRef = 2521030A1F2832E400F18463 /* Main.storyboard */; };
		2521030E1F2832E400F18463 /* Assets.xcassets in Resources */ = {isa = PBXBuildFile; fileRef = 2521030D1F2832E400F18463 /* Assets.xcassets */; };
		252103111F2832E400F18463 /* LaunchScreen.storyboard in Resources */ = {isa = PBXBuildFile; fileRef = 2521030F1F2832E400F18463 /* LaunchScreen.storyboard */; };
/* End PBXBuildFile section */

/* Begin PBXFileReference section */
		252102FE1F2832E400F18463 /* LANTalk.app */ = {isa = PBXFileReference; explicitFileType = wrapper.application; includeInIndex = 0; path = LANTalk.app; sourceTree = BUILT_PRODUCTS_DIR; };
		252103021F2832E400F18463 /* main.m */ = {isa = PBXFileReference; lastKnownFileType = sourcecode.c.objc; path = main.m; sourceTree = "<group>"; };
		252103041F2832E400F18463 /* AppDelegate.h */ = {isa = PBXFileReference; lastKnownFileType = sourcecode.c.h; path = AppDelegate.h; sourceTree = "<group>"; };
		252103051F2832E400F18463 /* AppDelegate.m */ = {isa = PBXFileReference; lastKnownFileType = sourcecode.c.objc; path = AppDelegate.m; sourceTree = "<group>"; };
		252103071F2832E400F18463 /* ViewController.h */ = {isa = PBXFileReference; lastKnownFileType = sourcecode.c.h; path = ViewController.h; sourceTree = "<group>"; };
		252103081F2832E400F18463 /* ViewController.m */ = {isa = PBXFileReference; lastKnownFileType = sourcecode.c.objc; path = ViewController.m; sourceTree = "<group>"; };
		2521030B1F2832E400F18463 /* Base */ = {isa = PBXFileReference; lastKnownFileType = file.storyboard; name = Base; path = Base.lproj/Main.storyboard; sourceTree = "<group>"; };
		2521030D1F2832E400F18463 /* Assets.xcassets */ = {isa = PBXFileReference; lastKnownFileType = folder.assetcatalog; path = Assets.xcassets; sourceTree = "<group>"; };
		252103101F2832E400F18463 /* Base */ = {isa = PBXFileReference; lastKnownFileType = file.storyboard; name = Base; path = Base.lproj/LaunchScreen.storyboard; sourceTree = "<group>"; };
		252103121F2832E400F18463 /* Info.plist */ = {isa = PBXFileReference; lastKnownFileType = text.plist.xml; path = Info.plist; sourceTree = "<group>"; };
/* End PBXFileReference section */

/* Begin PBXFrameworksBuildPhase section */
		252102FB1F2832E400F18463 /* Frameworks */ = {
			isa = PBXFrameworksBuildPhase;
			buildActionMask = 2147483647;
			files = (
			);
			runOnlyForDeploymentPostprocessing = 0;
		};
/* End PBXFrameworksBuildPhase section */

/* Begin PBXGroup section */
		252102F51F2832E400F18463 = {
			isa = PBXGroup;
			children = (
				252103001F2832E400F18463 /* LANTalk */,
				252102FF1F2832E400F18463 /* Products */,
			);
			sourceTree = "<group>";
		};
		252102FF1F2832E400F18463 /* Products */ = {
			isa = PBXGroup;
			children = (
				252102FE1F2832E400F18463 /* LANTalk.app */,
			);
			name = Products;
			sourceTree = "<group>";
		};
		252103001F2832E400F18463 /* LANTalk */ = {
			isa = PBXGroup;
			children = (
				252103041F2832E400F18463 /* AppDelegate.h */,
				252103051F2832E400F18463 /* AppDelegate.m */,
				252103071F2832E400F18463 /* ViewController.h */,
				252103081F2832E400F18463 /* ViewController.m */,
				2521030A1F2832E400F18463 /* Main.storyboard */,
				2521030D1F2832E400F18463 /* Assets.xcassets */,
				2521030F1F2832E400F18463 /* LaunchScreen.storyboard */,
				252103121F2832E400F18463 /* Info.plist */,
				252103011F2832E400F18463 /* Supporting Files */,
			);
			path = LANTalk;
			sourceTree = "<group>";
		};
		252103011F2832E400F18463 /* Supporting Files */ = {
			isa = PBXGroup;
			children = (
				252103021F2832E400F18463 /* main.m */,
			);
			name = "Supporting Files";
			sourceTree = "<group>";
		};
/* End PBXGroup section */

/* Begin PBXNativeTarget section */
		252102FD1F2832E400F18463 /* LANTalk */ = {
			isa = PBXNativeTarget;
			buildConfigurationList = 252103151F2832E400F18463 /* Build configuration list for PBXNativeTarget "LANTalk" */;
			buildPhases = (
				252102FA1F2832E400F18463 /* Sources */,
				252102FB1F2832E400F18463 /* Frameworks */,
				252102FC1F2832E400F18463 /* Resources */,
			);
			buildRules = (
			);
			dependencies = (
			);
			name = LANTalk;
			productName = LANTalk;
			productReference = 252102FE1F2832E400F18463 /* LANTalk.app */;
			productType = "com.apple.product-type.application";
		};
/* End PBXNativeTarget section */

/* Begin PBXProject section */
		252102F61F2832E400F18463 /* Project object */ = {
			isa = PBXProject;
			attributes = {
				LastUpgradeCheck = 0830;
				ORGANIZATIONNAME = SaturdayNight;
				TargetAttributes = {
					252102FD1F2832E400F18463 = {
						CreatedOnToolsVersion = 8.3.3;
						DevelopmentTeam = L48W3WHH6N;
						ProvisioningStyle = Automatic;
					};
				};
			};
			buildConfigurationList = 252102F91F2832E400F18463 /* Build configuration list for PBXProject "LANTalk" */;
			compatibilityVersion = "Xcode 3.2";
			developmentRegion = English;
			hasScannedForEncodings = 0;
			knownRegions = (
				en,
				Base,
			);
			mainGroup = 252102F51F2832E400F18463;
			productRefGroup = 252102FF1F2832E400F18463 /* Products */;
			projectDirPath = "";
			projectRoot = "";
			targets = (
				252102FD1F2832E400F18463 /* LANTalk */,
			);
		};
/* End PBXProject section */

/* Begin PBXResourcesBuildPhase section */
		252102FC1F2832E400F18463 /* Resources */ = {
			isa = PBXResourcesBuildPhase;
			buildActionMask = 2147483647;
			files = (
				252103111F2832E400F18463 /* LaunchScreen.storyboard in Resources */,
				2521030E1F2832E400F18463 /* Assets.xcassets in Resources */,
				2521030C1F2832E400F18463 /* Main.storyboard in Resources */,
			);
			runOnlyForDeploymentPostprocessing = 0;
		};
/* End PBXResourcesBuildPhase section */

/* Begin PBXSourcesBuildPhase section */
		252102FA1F2832E400F18463 /* Sources */ = {
			isa = PBXSourcesBuildPhase;
			buildActionMask = 2147483647;
			files = (
				252103091F2832E400F18463 /* ViewController.m in Sources */,
				252103061F2832E400F18463 /* AppDelegate.m in Sources */,
				252103031F2832E400F18463 /* main.m in Sources */,
			);
			runOnlyForDeploymentPostprocessing = 0;
		};
/* End PBXSourcesBuildPhase section */

/* Begin PBXVariantGroup section */
		2521030A1F2832E400F18463 /* Main.storyboard */ = {
			isa = PBXVariantGroup;
			children = (
				2521030B1F2832E400F18463 /* Base */,
			);
			name = Main.storyboard;
			sourceTree = "<group>";
		};
		2521030F1F2832E400F18463 /* LaunchScreen.storyboard */ = {
			isa = PBXVariantGroup;
			children = (
				252103101F2832E400F18463 /* Base */,
			);
			name = LaunchScreen.storyboard;
			sourceTree = "<group>";
		};
/* End PBXVariantGroup section */

/* Begin XCBuildConfiguration section */
		252103131F2832E400F18463 /* Debug */ = {
			isa = XCBuildConfiguration;
			buildSettings = {
				ALWAYS_SEARCH_USER_PATHS = NO;
				CLANG_ANALYZER_NONNULL = YES;
				CLANG_ANALYZER_NUMBER_OBJECT_CONVERSION = YES_AGGRESSIVE;
				CLANG_CXX_LANGUAGE_STANDARD = "gnu++0x";
				CLANG_CXX_LIBRARY = "libc++";
				CLANG_ENABLE_MODULES = YES;
				CLANG_ENABLE_OBJC_ARC = YES;
				CLANG_WARN_BOOL_CONVERSION = YES;
				CLANG_WARN_CONSTANT_CONVERSION = YES;
				CLANG_WARN_DIRECT_OBJC_ISA_USAGE = YES_ERROR;
				CLANG_WARN_DOCUMENTATION_COMMENTS = YES;
				CLANG_WARN_EMPTY_BODY = YES;
				CLANG_WARN_ENUM_CONVERSION = YES;
				CLANG_WARN_INFINITE_RECURSION = YES;
				CLANG_WARN_INT_CONVERSION = YES;
				CLANG_WARN_OBJC_ROOT_CLASS = YES_ERROR;
				CLANG_WARN_SUSPICIOUS_MOVE = YES;
				CLANG_WARN_UNREACHABLE_CODE = YES;
				CLANG_WARN__DUPLICATE_METHOD_MATCH = YES;
				"CODE_SIGN_IDENTITY[sdk=iphoneos*]" = "iPhone Developer";
				COPY_PHASE_STRIP = NO;
				DEBUG_INFORMATION_FORMAT = dwarf;
				ENABLE_STRICT_OBJC_MSGSEND = YES;
				ENABLE_TESTABILITY = YES;
				GCC_C_LANGUAGE_STANDARD = gnu99;
				GCC_DYNAMIC_NO_PIC = NO;
				GCC_NO_COMMON_BLOCKS = YES;
				GCC_OPTIMIZATION_LEVEL = 0;
				GCC_PREPROCESSOR_DEFINITIONS = (
					"DEBUG=1",
					"$(inherited)",
				);
				GCC_WARN_64_TO_32_BIT_CONVERSION = YES;
				GCC_WARN_ABOUT_RETURN_TYPE = YES_ERROR;
				GCC_WARN_UNDECLARED_SELECTOR = YES;
				GCC_WARN_UNINITIALIZED_AUTOS = YES_AGGRESSIVE;
				GCC_WARN_UNUSED_FUNCTION = YES;
				GCC_WARN_UNUSED_VARIABLE = YES;
				IPHONEOS_DEPLOYMENT_TARGET = 10.3;
				MTL_ENABLE_DEBUG_INFO = YES;
				ONLY_ACTIVE_ARCH = YES;
				SDKROOT = iphoneos;
				TARGETED_DEVICE_FAMILY = "1,2";
			};
			name = Debug;
		};
		252103141F2832E400F18463 /* Release */ = {
			isa = XCBuildConfiguration;
			buildSettings = {
				ALWAYS_SEARCH_USER_PATHS = NO;
				CLANG_ANALYZER_NONNULL = YES;
				CLANG_ANALYZER_NUMBER_OBJECT_CONVERSION = YES_AGGRESSIVE;
				CLANG_CXX_LANGUAGE_STANDARD = "gnu++0x";
				CLANG_CXX_LIBRARY = "libc++";
				CLANG_ENABLE_MODULES = YES;
				CLANG_ENABLE_OBJC_ARC = YES;
				CLANG_WARN_BOOL_CONVERSION = YES;
				CLANG_WARN_CONSTANT_CONVERSION = YES;
				CLANG_WARN_DIRECT_OBJC_ISA_USAGE = YES_ERROR;
				CLANG_WARN_DOCUMENTATION_COMMENTS = YES;
				CLANG_WARN_EMPTY_BODY = YES;
				CLANG_WARN_ENUM_CONVERSION = YES;
				CLANG_WARN_INFINITE_RECURSION = YES;
				CLANG_WARN_INT_CONVERSION = YES;
				CLANG_WARN_OBJC_ROOT_CLASS = YES_ERROR;
				CLANG_WARN_SUSPICIOUS_MOVE = YES;
				CLANG_WARN_UNREACHABLE_CODE = YES;
				CLANG_WARN__DUPLICATE_METHOD_MATCH = YES;
				"CODE_SIGN_IDENTITY[sdk=iphoneos*]" = "iPhone Developer";
				COPY_PHASE_STRIP = NO;
				DEBUG_INFORMATION_FORMAT = "dwarf-with-dsym";
				ENABLE_NS_ASSERTIONS = NO;
				ENABLE_STRICT_OBJC_MSGSEND = YES;
				GCC_C_LANGUAGE_STANDARD = gnu99;
				GCC_NO_COMMON_BLOCKS = YES;
				GCC_WARN_64_TO_32_BIT_CONVERSION = YES;
				GCC_WARN_ABOUT_RETURN_TYPE = YES_ERROR;
				GCC_WARN_UNDECLARED_SELECTOR = YES;
				GCC_WARN_UNINITIALIZED_AUTOS = YES_AGGRESSIVE;
				GCC_WARN_UNUSED_FUNCTION = YES;
				GCC_WARN_UNUSED_VARIABLE = YES;
				IPHONEOS_DEPLOYMENT_TARGET = 10.3;
				MTL_ENABLE_DEBUG_INFO = NO;
				SDKROOT = iphoneos;
				TARGETED_DEVICE_FAMILY = "1,2";
				VALIDATE_PRODUCT = YES;
			};
			name = Release;
		};
		252103161F2832E400F18463 /* Debug */ = {
			isa = XCBuildConfiguration;
			buildSettings = {
				ASSETCATALOG_COMPILER_APPICON_NAME = AppIcon;
				DEVELOPMENT_TEAM = L48W3WHH6N;
				INFOPLIST_FILE = LANTalk/Info.plist;
				LD_RUNPATH_SEARCH_PATHS = "$(inherited) @executable_path/Frameworks";
				PRODUCT_BUNDLE_IDENTIFIER = SaturdayNight.LANTalk;
				PRODUCT_NAME = "$(TARGET_NAME)";
			};
			name = Debug;
		};
		252103171F2832E400F18463 /* Release */ = {
			isa = XCBuildConfiguration;
			buildSettings = {
				ASSETCATALOG_COMPILER_APPICON_NAME = AppIcon;
				DEVELOPMENT_TEAM = L48W3WHH6N;
				INFOPLIST_FILE = LANTalk/Info.plist;
				LD_RUNPATH_SEARCH_PATHS = "$(inherited) @executable_path/Frameworks";
				PRODUCT_BUNDLE_IDENTIFIER = SaturdayNight.LANTalk;
				PRODUCT_NAME = "$(TARGET_NAME)";
			};
			name = Release;
		};
/* End XCBuildConfiguration section */

/* Begin XCConfigurationList section */
		252102F91F2832E400F18463 /* Build configuration list for PBXProject "LANTalk" */ = {
			isa = XCConfigurationList;
			buildConfigurations = (
				252103131F2832E400F18463 /* Debug */,
				252103141F2832E400F18463 /* Release */,
			);
			defaultConfigurationIsVisible = 0;
			defaultConfigurationName = Release;
		};
		252103151F2832E400F18463 /* Build configuration list for PBXNativeTarget "LANTalk" */ = {
			isa = XCConfigurationList;
			buildConfigurations = (
				252103161F2832E400F18463 /* Debug */,
				252103171F2832E400F18463 /* Release */,
			);
			defaultConfigurationIsVisible = 0;
		};
/* End XCConfigurationList section */
	};
	rootObject = 252102F61F2832E400F18463 /* Project object */;
}
